%{
  "accept": {:hex, :accept, "0.3.5", "b33b127abca7cc948bbe6caa4c263369abf1347cfa9d8e699c6d214660f10cd1", [:rebar3], [], "hexpm", "11b18c220bcc2eab63b5470c038ef10eb6783bcb1fcdb11aa4137defa5ac1bb8"},
  "bunt": {:hex, :bunt, "1.0.0", "081c2c665f086849e6d57900292b3a161727ab40431219529f13c4ddcf3e7a44", [:mix], [], "hexpm", "dc5f86aa08a5f6fa6b8096f0735c4e76d54ae5c9fa2c143e5a1fc7c1cd9bb6b5"},
  "cachex": {:hex, :cachex, "3.6.0", "14a1bfbeee060dd9bec25a5b6f4e4691e3670ebda28c8ba2884b12fe30b36bf8", [:mix], [{:eternal, "~> 1.2", [hex: :eternal, repo: "hexpm", optional: false]}, {:jumper, "~> 1.0", [hex: :jumper, repo: "hexpm", optional: false]}, {:sleeplocks, "~> 1.1", [hex: :sleeplocks, repo: "hexpm", optional: false]}, {:unsafe, "~> 1.0", [hex: :unsafe, repo: "hexpm", optional: false]}], "hexpm", "ebf24e373883bc8e0c8d894a63bbe102ae13d918f790121f5cfe6e485cc8e2e2"},
  "castore": {:hex, :castore, "1.0.5", "9eeebb394cc9a0f3ae56b813459f990abb0a3dedee1be6b27fdb50301930502f", [:mix], [], "hexpm", "8d7c597c3e4a64c395980882d4bca3cebb8d74197c590dc272cfd3b6a6310578"},
  "cc_precompiler": {:hex, :cc_precompiler, "0.1.9", "e8d3364f310da6ce6463c3dd20cf90ae7bbecbf6c5203b98bf9b48035592649b", [:mix], [{:elixir_make, "~> 0.7", [hex: :elixir_make, repo: "hexpm", optional: false]}], "hexpm", "9dcab3d0f3038621f1601f13539e7a9ee99843862e66ad62827b0c42b2f58a54"},
  "certifi": {:hex, :certifi, "2.12.0", "2d1cca2ec95f59643862af91f001478c9863c2ac9cb6e2f89780bfd8de987329", [:rebar3], [], "hexpm", "ee68d85df22e554040cdb4be100f33873ac6051387baf6a8f6ce82272340ff1c"},
  "cowboy": {:hex, :cowboy, "2.10.0", "ff9ffeff91dae4ae270dd975642997afe2a1179d94b1887863e43f681a203e26", [:make, :rebar3], [{:cowlib, "2.12.1", [hex: :cowlib, repo: "hexpm", optional: false]}, {:ranch, "1.8.0", [hex: :ranch, repo: "hexpm", optional: false]}], "hexpm", "3afdccb7183cc6f143cb14d3cf51fa00e53db9ec80cdcd525482f5e99bc41d6b"},
  "cowboy_telemetry": {:hex, :cowboy_telemetry, "0.4.0", "f239f68b588efa7707abce16a84d0d2acf3a0f50571f8bb7f56a15865aae820c", [:rebar3], [{:cowboy, "~> 2.7", [hex: :cowboy, repo: "hexpm", optional: false]}, {:telemetry, "~> 1.0", [hex: :telemetry, repo: "hexpm", optional: false]}], "hexpm", "7d98bac1ee4565d31b62d59f8823dfd8356a169e7fcbb83831b8a5397404c9de"},
  "cowlib": {:hex, :cowlib, "2.12.1", "a9fa9a625f1d2025fe6b462cb865881329b5caff8f1854d1cbc9f9533f00e1e1", [:make, :rebar3], [], "hexpm", "163b73f6367a7341b33c794c4e88e7dbfe6498ac42dcd69ef44c5bc5507c8db0"},
  "credo": {:hex, :credo, "1.7.3", "05bb11eaf2f2b8db370ecaa6a6bda2ec49b2acd5e0418bc106b73b07128c0436", [:mix], [{:bunt, "~> 0.2.1 or ~> 1.0", [hex: :bunt, repo: "hexpm", optional: false]}, {:file_system, "~> 0.2 or ~> 1.0", [hex: :file_system, repo: "hexpm", optional: false]}, {:jason, "~> 1.0", [hex: :jason, repo: "hexpm", optional: false]}], "hexpm", "35ea675a094c934c22fb1dca3696f3c31f2728ae6ef5a53b5d648c11180a4535"},
  "db_connection": {:hex, :db_connection, "2.6.0", "77d835c472b5b67fc4f29556dee74bf511bbafecdcaf98c27d27fa5918152086", [:mix], [{:telemetry, "~> 0.4 or ~> 1.0", [hex: :telemetry, repo: "hexpm", optional: false]}], "hexpm", "c2f992d15725e721ec7fbc1189d4ecdb8afef76648c746a8e1cad35e3b8a35f3"},
  "decimal": {:hex, :decimal, "2.1.1", "5611dca5d4b2c3dd497dec8f68751f1f1a54755e8ed2a966c2633cf885973ad6", [:mix], [], "hexpm", "53cfe5f497ed0e7771ae1a475575603d77425099ba5faef9394932b35020ffcc"},
  "ecto": {:hex, :ecto, "3.11.1", "4b4972b717e7ca83d30121b12998f5fcdc62ba0ed4f20fd390f16f3270d85c3e", [:mix], [{:decimal, "~> 2.0", [hex: :decimal, repo: "hexpm", optional: false]}, {:jason, "~> 1.0", [hex: :jason, repo: "hexpm", optional: true]}, {:telemetry, "~> 0.4 or ~> 1.0", [hex: :telemetry, repo: "hexpm", optional: false]}], "hexpm", "ebd3d3772cd0dfcd8d772659e41ed527c28b2a8bde4b00fe03e0463da0f1983b"},
  "ecto_sql": {:hex, :ecto_sql, "3.11.1", "e9abf28ae27ef3916b43545f9578b4750956ccea444853606472089e7d169470", [:mix], [{:db_connection, "~> 2.4.1 or ~> 2.5", [hex: :db_connection, repo: "hexpm", optional: false]}, {:ecto, "~> 3.11.0", [hex: :ecto, repo: "hexpm", optional: false]}, {:myxql, "~> 0.6.0", [hex: :myxql, repo: "hexpm", optional: true]}, {:postgrex, "~> 0.16.0 or ~> 0.17.0 or ~> 1.0", [hex: :postgrex, repo: "hexpm", optional: true]}, {:tds, "~> 2.1.1 or ~> 2.2", [hex: :tds, repo: "hexpm", optional: true]}, {:telemetry, "~> 0.4.0 or ~> 1.0", [hex: :telemetry, repo: "hexpm", optional: false]}], "hexpm", "ce14063ab3514424276e7e360108ad6c2308f6d88164a076aac8a387e1fea634"},
  "ecto_sqlite3": {:hex, :ecto_sqlite3, "0.14.0", "8710aa6de137a9c428fc86306b574777e9d545534b0259030a325948d43fc740", [:mix], [{:decimal, "~> 1.6 or ~> 2.0", [hex: :decimal, repo: "hexpm", optional: false]}, {:ecto, "~> 3.11", [hex: :ecto, repo: "hexpm", optional: false]}, {:ecto_sql, "~> 3.11", [hex: :ecto_sql, repo: "hexpm", optional: false]}, {:exqlite, "~> 0.9", [hex: :exqlite, repo: "hexpm", optional: false]}], "hexpm", "4f69e5df5bdf8b98d80797b1a88b1d24b13ad9f187a553241c2aa6cb7447a672"},
  "elixir_make": {:hex, :elixir_make, "0.7.8", "505026f266552ee5aabca0b9f9c229cbb496c689537c9f922f3eb5431157efc7", [:mix], [{:castore, "~> 0.1 or ~> 1.0", [hex: :castore, repo: "hexpm", optional: true]}, {:certifi, "~> 2.0", [hex: :certifi, repo: "hexpm", optional: true]}], "hexpm", "7a71945b913d37ea89b06966e1342c85cfe549b15e6d6d081e8081c493062c07"},
  "erlexec": {:hex, :erlexec, "2.0.3", "61d5eee44a514236e6bc779729010467a990f2dc9bda2373c4d1b2c0a11b2bc8", [:rebar3], [], "hexpm", "e6e364bd4cbed2a7862f4dcfcfa9f2a50eaf4f7937e261cf2e326ee3a9ab0f9a"},
  "eternal": {:hex, :eternal, "1.2.2", "d1641c86368de99375b98d183042dd6c2b234262b8d08dfd72b9eeaafc2a1abd", [:mix], [], "hexpm", "2c9fe32b9c3726703ba5e1d43a1d255a4f3f2d8f8f9bc19f094c7cb1a7a9e782"},
  "ex_machina": {:hex, :ex_machina, "2.7.0", "b792cc3127fd0680fecdb6299235b4727a4944a09ff0fa904cc639272cd92dc7", [:mix], [{:ecto, "~> 2.2 or ~> 3.0", [hex: :ecto, repo: "hexpm", optional: true]}, {:ecto_sql, "~> 3.0", [hex: :ecto_sql, repo: "hexpm", optional: true]}], "hexpm", "419aa7a39bde11894c87a615c4ecaa52d8f107bbdd81d810465186f783245bf8"},
  "expo": {:hex, :expo, "0.5.1", "249e826a897cac48f591deba863b26c16682b43711dd15ee86b92f25eafd96d9", [:mix], [], "hexpm", "68a4233b0658a3d12ee00d27d37d856b1ba48607e7ce20fd376958d0ba6ce92b"},
  "exqlite": {:hex, :exqlite, "0.18.0", "0da00d5d469563fccd03782a7f66f7eab2e59b080cf285e14eaa73e688675cfd", [:make, :mix], [{:cc_precompiler, "~> 0.1", [hex: :cc_precompiler, repo: "hexpm", optional: false]}, {:db_connection, "~> 2.1", [hex: :db_connection, repo: "hexpm", optional: false]}, {:elixir_make, "~> 0.7", [hex: :elixir_make, repo: "hexpm", optional: false]}, {:table, "~> 0.1.0", [hex: :table, repo: "hexpm", optional: true]}], "hexpm", "c85d0422967f219150885ba5631dceab3b47305e8f7c5da72e29524065eea87a"},
  "file_system": {:hex, :file_system, "1.0.0", "b689cc7dcee665f774de94b5a832e578bd7963c8e637ef940cd44327db7de2cd", [:mix], [], "hexpm", "6752092d66aec5a10e662aefeed8ddb9531d79db0bc145bb8c40325ca1d8536d"},
  "finch": {:hex, :finch, "0.17.0", "17d06e1d44d891d20dbd437335eebe844e2426a0cd7e3a3e220b461127c73f70", [:mix], [{:castore, "~> 0.1 or ~> 1.0", [hex: :castore, repo: "hexpm", optional: false]}, {:mime, "~> 1.0 or ~> 2.0", [hex: :mime, repo: "hexpm", optional: false]}, {:mint, "~> 1.3", [hex: :mint, repo: "hexpm", optional: false]}, {:nimble_options, "~> 0.4 or ~> 1.0", [hex: :nimble_options, repo: "hexpm", optional: false]}, {:nimble_pool, "~> 0.2.6 or ~> 1.0", [hex: :nimble_pool, repo: "hexpm", optional: false]}, {:telemetry, "~> 0.4 or ~> 1.0", [hex: :telemetry, repo: "hexpm", optional: false]}], "hexpm", "8d014a661bb6a437263d4b5abf0bcbd3cf0deb26b1e8596f2a271d22e48934c7"},
  "gettext": {:hex, :gettext, "0.24.0", "6f4d90ac5f3111673cbefc4ebee96fe5f37a114861ab8c7b7d5b30a1108ce6d8", [:mix], [{:expo, "~> 0.5.1", [hex: :expo, repo: "hexpm", optional: false]}], "hexpm", "bdf75cdfcbe9e4622dd18e034b227d77dd17f0f133853a1c73b97b3d6c770e8b"},
  "hackney": {:hex, :hackney, "1.20.1", "8d97aec62ddddd757d128bfd1df6c5861093419f8f7a4223823537bad5d064e2", [:rebar3], [{:certifi, "~> 2.12.0", [hex: :certifi, repo: "hexpm", optional: false]}, {:idna, "~> 6.1.0", [hex: :idna, repo: "hexpm", optional: false]}, {:metrics, "~> 1.0.0", [hex: :metrics, repo: "hexpm", optional: false]}, {:mimerl, "~> 1.1", [hex: :mimerl, repo: "hexpm", optional: false]}, {:parse_trans, "3.4.1", [hex: :parse_trans, repo: "hexpm", optional: false]}, {:ssl_verify_fun, "~> 1.1.0", [hex: :ssl_verify_fun, repo: "hexpm", optional: false]}, {:unicode_util_compat, "~> 0.7.0", [hex: :unicode_util_compat, repo: "hexpm", optional: false]}], "hexpm", "fe9094e5f1a2a2c0a7d10918fee36bfec0ec2a979994cff8cfe8058cd9af38e3"},
  "hammer": {:hex, :hammer, "6.1.0", "f263e3c3e9946bd410ea0336b2abe0cb6260af4afb3a221e1027540706e76c55", [:make, :mix], [{:poolboy, "~> 1.5", [hex: :poolboy, repo: "hexpm", optional: false]}], "hexpm", "b47e415a562a6d072392deabcd58090d8a41182cf9044cdd6b0d0faaaf68ba57"},
  "hpax": {:hex, :hpax, "0.1.2", "09a75600d9d8bbd064cdd741f21fc06fc1f4cf3d0fcc335e5aa19be1a7235c84", [:mix], [], "hexpm", "2c87843d5a23f5f16748ebe77969880e29809580efdaccd615cd3bed628a8c13"},
  "httpoison": {:hex, :httpoison, "2.2.1", "87b7ed6d95db0389f7df02779644171d7319d319178f6680438167d7b69b1f3d", [:mix], [{:hackney, "~> 1.17", [hex: :hackney, repo: "hexpm", optional: false]}], "hexpm", "51364e6d2f429d80e14fe4b5f8e39719cacd03eb3f9a9286e61e216feac2d2df"},
  "idna": {:hex, :idna, "6.1.1", "8a63070e9f7d0c62eb9d9fcb360a7de382448200fbbd1b106cc96d3d8099df8d", [:rebar3], [{:unicode_util_compat, "~> 0.7.0", [hex: :unicode_util_compat, repo: "hexpm", optional: false]}], "hexpm", "92376eb7894412ed19ac475e4a86f7b413c1b9fbb5bd16dccd57934157944cea"},
  "image": {:hex, :image, "0.41.0", "2071125d01aa182db5e094546cc756304b71b3ee546cbef0bbecb2d12427a836", [:mix], [{:bumblebee, "~> 0.3", [hex: :bumblebee, repo: "hexpm", optional: true]}, {:evision, "~> 0.1.33", [hex: :evision, repo: "hexpm", optional: true]}, {:exla, "~> 0.5", [hex: :exla, repo: "hexpm", optional: true]}, {:jason, "~> 1.4", [hex: :jason, repo: "hexpm", optional: true]}, {:kino, "~> 0.7", [hex: :kino, repo: "hexpm", optional: true]}, {:nx, "~> 0.5", [hex: :nx, repo: "hexpm", optional: true]}, {:nx_image, "~> 0.1", [hex: :nx_image, repo: "hexpm", optional: true]}, {:phoenix_html, "~> 2.1 or ~> 3.2 or ~> 4.0", [hex: :phoenix_html, repo: "hexpm", optional: false]}, {:plug, "~> 1.13", [hex: :plug, repo: "hexpm", optional: true]}, {:rustler, "> 0.0.0", [hex: :rustler, repo: "hexpm", optional: true]}, {:sweet_xml, "~> 0.7", [hex: :sweet_xml, repo: "hexpm", optional: false]}, {:vix, "~> 0.23", [hex: :vix, repo: "hexpm", optional: false]}], "hexpm", "1cc3fb75a50f8557b7c51820333e45df16709a5ffb3d6452bc1427022163b9fd"},
  "jason": {:hex, :jason, "1.4.1", "af1504e35f629ddcdd6addb3513c3853991f694921b1b9368b0bd32beb9f1b63", [:mix], [{:decimal, "~> 1.0 or ~> 2.0", [hex: :decimal, repo: "hexpm", optional: true]}], "hexpm", "fbb01ecdfd565b56261302f7e1fcc27c4fb8f32d56eab74db621fc154604a7a1"},
  "jumper": {:hex, :jumper, "1.0.2", "68cdcd84472a00ac596b4e6459a41b3062d4427cbd4f1e8c8793c5b54f1406a7", [:mix], [], "hexpm", "9b7782409021e01ab3c08270e26f36eb62976a38c1aa64b2eaf6348422f165e1"},
  "meck": {:hex, :meck, "0.9.2", "85ccbab053f1db86c7ca240e9fc718170ee5bda03810a6292b5306bf31bae5f5", [:rebar3], [], "hexpm", "81344f561357dc40a8344afa53767c32669153355b626ea9fcbc8da6b3045826"},
  "metrics": {:hex, :metrics, "1.0.1", "25f094dea2cda98213cecc3aeff09e940299d950904393b2a29d191c346a8486", [:rebar3], [], "hexpm", "69b09adddc4f74a40716ae54d140f93beb0fb8978d8636eaded0c31b6f099f16"},
  "mime": {:hex, :mime, "2.0.5", "dc34c8efd439abe6ae0343edbb8556f4d63f178594894720607772a041b04b02", [:mix], [], "hexpm", "da0d64a365c45bc9935cc5c8a7fc5e49a0e0f9932a761c55d6c52b142780a05c"},
  "mimerl": {:hex, :mimerl, "1.2.0", "67e2d3f571088d5cfd3e550c383094b47159f3eee8ffa08e64106cdf5e981be3", [:rebar3], [], "hexpm", "f278585650aa581986264638ebf698f8bb19df297f66ad91b18910dfc6e19323"},
  "mint": {:hex, :mint, "1.5.2", "4805e059f96028948870d23d7783613b7e6b0e2fb4e98d720383852a760067fd", [:mix], [{:castore, "~> 0.1.0 or ~> 1.0", [hex: :castore, repo: "hexpm", optional: true]}, {:hpax, "~> 0.1.1", [hex: :hpax, repo: "hexpm", optional: false]}], "hexpm", "d77d9e9ce4eb35941907f1d3df38d8f750c357865353e21d335bdcdf6d892a02"},
  "mock": {:hex, :mock, "0.3.8", "7046a306b71db2488ef54395eeb74df0a7f335a7caca4a3d3875d1fc81c884dd", [:mix], [{:meck, "~> 0.9.2", [hex: :meck, repo: "hexpm", optional: false]}], "hexpm", "7fa82364c97617d79bb7d15571193fc0c4fe5afd0c932cef09426b3ee6fe2022"},
  "mogrify": {:hex, :mogrify, "0.9.3", "238c782f00271dace01369ad35ae2e9dd020feee3443b9299ea5ea6bed559841", [:mix], [], "hexpm", "0189b1e1de27455f2b9ae8cf88239cefd23d38de9276eb5add7159aea51731e6"},
  "mutex": {:hex, :mutex, "1.3.3", "e3ec9e26ec55cf29081c425e66f17e679cfce1c7533dec07da29244ec471d29c", [:mix], [], "hexpm", "9d243a23f92b426c1acd7c08b20d3442ae3d6cdfe6983173deeaddee6e20fa3e"},
  "nimble_options": {:hex, :nimble_options, "1.1.0", "3b31a57ede9cb1502071fade751ab0c7b8dbe75a9a4c2b5bbb0943a690b63172", [:mix], [], "hexpm", "8bbbb3941af3ca9acc7835f5655ea062111c9c27bcac53e004460dfd19008a99"},
  "nimble_pool": {:hex, :nimble_pool, "1.0.0", "5eb82705d138f4dd4423f69ceb19ac667b3b492ae570c9f5c900bb3d2f50a847", [:mix], [], "hexpm", "80be3b882d2d351882256087078e1b1952a28bf98d0a287be87e4a24a710b67a"},
  "parse_trans": {:hex, :parse_trans, "3.4.1", "6e6aa8167cb44cc8f39441d05193be6e6f4e7c2946cb2759f015f8c56b76e5ff", [:rebar3], [], "hexpm", "620a406ce75dada827b82e453c19cf06776be266f5a67cff34e1ef2cbb60e49a"},
  "phoenix": {:hex, :phoenix, "1.7.10", "02189140a61b2ce85bb633a9b6fd02dff705a5f1596869547aeb2b2b95edd729", [:mix], [{:castore, ">= 0.0.0", [hex: :castore, repo: "hexpm", optional: false]}, {:jason, "~> 1.0", [hex: :jason, repo: "hexpm", optional: true]}, {:phoenix_pubsub, "~> 2.1", [hex: :phoenix_pubsub, repo: "hexpm", optional: false]}, {:phoenix_template, "~> 1.0", [hex: :phoenix_template, repo: "hexpm", optional: false]}, {:phoenix_view, "~> 2.0", [hex: :phoenix_view, repo: "hexpm", optional: true]}, {:plug, "~> 1.14", [hex: :plug, repo: "hexpm", optional: false]}, {:plug_cowboy, "~> 2.6", [hex: :plug_cowboy, repo: "hexpm", optional: true]}, {:plug_crypto, "~> 1.2 or ~> 2.0", [hex: :plug_crypto, repo: "hexpm", optional: false]}, {:telemetry, "~> 0.4 or ~> 1.0", [hex: :telemetry, repo: "hexpm", optional: false]}, {:websock_adapter, "~> 0.5.3", [hex: :websock_adapter, repo: "hexpm", optional: false]}], "hexpm", "cf784932e010fd736d656d7fead6a584a4498efefe5b8227e9f383bf15bb79d0"},
  "phoenix_ecto": {:hex, :phoenix_ecto, "4.4.3", "86e9878f833829c3f66da03d75254c155d91d72a201eb56ae83482328dc7ca93", [:mix], [{:ecto, "~> 3.5", [hex: :ecto, repo: "hexpm", optional: false]}, {:phoenix_html, "~> 2.14.2 or ~> 3.0 or ~> 4.0", [hex: :phoenix_html, repo: "hexpm", optional: true]}, {:plug, "~> 1.9", [hex: :plug, repo: "hexpm", optional: false]}], "hexpm", "d36c401206f3011fefd63d04e8ef626ec8791975d9d107f9a0817d426f61ac07"},
  "phoenix_html": {:hex, :phoenix_html, "4.0.0", "4857ec2edaccd0934a923c2b0ba526c44a173c86b847e8db725172e9e51d11d6", [:mix], [], "hexpm", "cee794a052f243291d92fa3ccabcb4c29bb8d236f655fb03bcbdc3a8214b8d13"},
  "phoenix_live_dashboard": {:hex, :phoenix_live_dashboard, "0.8.3", "7ff51c9b6609470f681fbea20578dede0e548302b0c8bdf338b5a753a4f045bf", [:mix], [{:ecto, "~> 3.6.2 or ~> 3.7", [hex: :ecto, repo: "hexpm", optional: true]}, {:ecto_mysql_extras, "~> 0.5", [hex: :ecto_mysql_extras, repo: "hexpm", optional: true]}, {:ecto_psql_extras, "~> 0.7", [hex: :ecto_psql_extras, repo: "hexpm", optional: true]}, {:ecto_sqlite3_extras, "~> 1.1.7 or ~> 1.2.0", [hex: :ecto_sqlite3_extras, repo: "hexpm", optional: true]}, {:mime, "~> 1.6 or ~> 2.0", [hex: :mime, repo: "hexpm", optional: false]}, {:phoenix_live_view, "~> 0.19 or ~> 1.0", [hex: :phoenix_live_view, repo: "hexpm", optional: false]}, {:telemetry_metrics, "~> 0.6 or ~> 1.0", [hex: :telemetry_metrics, repo: "hexpm", optional: false]}], "hexpm", "f9470a0a8bae4f56430a23d42f977b5a6205fdba6559d76f932b876bfaec652d"},
  "phoenix_live_view": {:hex, :phoenix_live_view, "0.20.3", "8b6406bc0a451f295407d7acff7f234a6314be5bbe0b3f90ed82b07f50049878", [:mix], [{:jason, "~> 1.0", [hex: :jason, repo: "hexpm", optional: true]}, {:phoenix, "~> 1.6.15 or ~> 1.7.0", [hex: :phoenix, repo: "hexpm", optional: false]}, {:phoenix_html, "~> 3.3 or ~> 4.0", [hex: :phoenix_html, repo: "hexpm", optional: false]}, {:phoenix_template, "~> 1.0", [hex: :phoenix_template, repo: "hexpm", optional: false]}, {:phoenix_view, "~> 2.0", [hex: :phoenix_view, repo: "hexpm", optional: true]}, {:plug, "~> 1.15", [hex: :plug, repo: "hexpm", optional: false]}, {:telemetry, "~> 0.4.2 or ~> 1.0", [hex: :telemetry, repo: "hexpm", optional: false]}], "hexpm", "a8e4385e05618b424779f894ed2df97d3c7518b7285fcd11979077ae6226466b"},
  "phoenix_pubsub": {:hex, :phoenix_pubsub, "2.1.3", "3168d78ba41835aecad272d5e8cd51aa87a7ac9eb836eabc42f6e57538e3731d", [:mix], [], "hexpm", "bba06bc1dcfd8cb086759f0edc94a8ba2bc8896d5331a1e2c2902bf8e36ee502"},
  "phoenix_template": {:hex, :phoenix_template, "1.0.4", "e2092c132f3b5e5b2d49c96695342eb36d0ed514c5b252a77048d5969330d639", [:mix], [{:phoenix_html, "~> 2.14.2 or ~> 3.0 or ~> 4.0", [hex: :phoenix_html, repo: "hexpm", optional: true]}], "hexpm", "2c0c81f0e5c6753faf5cca2f229c9709919aba34fab866d3bc05060c9c444206"},
  "plug": {:hex, :plug, "1.15.3", "712976f504418f6dff0a3e554c40d705a9bcf89a7ccef92fc6a5ef8f16a30a97", [:mix], [{:mime, "~> 1.0 or ~> 2.0", [hex: :mime, repo: "hexpm", optional: false]}, {:plug_crypto, "~> 1.1.1 or ~> 1.2 or ~> 2.0", [hex: :plug_crypto, repo: "hexpm", optional: false]}, {:telemetry, "~> 0.4.3 or ~> 1.0", [hex: :telemetry, repo: "hexpm", optional: false]}], "hexpm", "cc4365a3c010a56af402e0809208873d113e9c38c401cabd88027ef4f5c01fd2"},
  "plug_cowboy": {:hex, :plug_cowboy, "2.6.1", "9a3bbfceeb65eff5f39dab529e5cd79137ac36e913c02067dba3963a26efe9b2", [:mix], [{:cowboy, "~> 2.7", [hex: :cowboy, repo: "hexpm", optional: false]}, {:cowboy_telemetry, "~> 0.3", [hex: :cowboy_telemetry, repo: "hexpm", optional: false]}, {:plug, "~> 1.14", [hex: :plug, repo: "hexpm", optional: false]}], "hexpm", "de36e1a21f451a18b790f37765db198075c25875c64834bcc82d90b309eb6613"},
  "plug_crypto": {:hex, :plug_crypto, "2.0.0", "77515cc10af06645abbfb5e6ad7a3e9714f805ae118fa1a70205f80d2d70fe73", [:mix], [], "hexpm", "53695bae57cc4e54566d993eb01074e4d894b65a3766f1c43e2c61a1b0f45ea9"},
  "poolboy": {:hex, :poolboy, "1.5.2", "392b007a1693a64540cead79830443abf5762f5d30cf50bc95cb2c1aaafa006b", [:rebar3], [], "hexpm", "dad79704ce5440f3d5a3681c8590b9dc25d1a561e8f5a9c995281012860901e3"},
  "prometheus": {:hex, :prometheus, "4.11.0", "b95f8de8530f541bd95951e18e355a840003672e5eda4788c5fa6183406ba29a", [:mix, :rebar3], [{:quantile_estimator, "~> 0.2.1", [hex: :quantile_estimator, repo: "hexpm", optional: false]}], "hexpm", "719862351aabf4df7079b05dc085d2bbcbe3ac0ac3009e956671b1d5ab88247d"},
  "prometheus_ecto": {:hex, :prometheus_ecto, "1.4.3", "3dd4da1812b8e0dbee81ea58bb3b62ed7588f2eae0c9e97e434c46807ff82311", [:mix], [{:ecto, "~> 2.0 or ~> 3.0", [hex: :ecto, repo: "hexpm", optional: false]}, {:prometheus_ex, "~> 1.1 or ~> 2.0 or ~> 3.0", [hex: :prometheus_ex, repo: "hexpm", optional: false]}], "hexpm", "8d66289f77f913b37eda81fd287340c17e61a447549deb28efc254532b2bed82"},
  "prometheus_ex": {:git, "https://github.com/lanodan/prometheus.ex.git", "31f7fbe4b71b79ba27efc2a5085746c4011ceb8f", [branch: "fix/elixir-1.14"]},
  "prometheus_phoenix": {:hex, :prometheus_phoenix, "1.3.0", "c4b527e0b3a9ef1af26bdcfbfad3998f37795b9185d475ca610fe4388fdd3bb5", [:mix], [{:phoenix, "~> 1.4", [hex: :phoenix, repo: "hexpm", optional: false]}, {:prometheus_ex, "~> 1.3 or ~> 2.0 or ~> 3.0", [hex: :prometheus_ex, repo: "hexpm", optional: false]}], "hexpm", "c4d1404ac4e9d3d963da601db2a7d8ea31194f0017057fabf0cfb9bf5a6c8c75"},
  "prometheus_phx": {:git, "https://git.pleroma.social/pleroma/elixir-libraries/prometheus-phx.git", "9cd8f248c9381ffedc799905050abce194a97514", [branch: "no-logging"]},
  "prometheus_plugs": {:hex, :prometheus_plugs, "1.1.5", "25933d48f8af3a5941dd7b621c889749894d8a1082a6ff7c67cc99dec26377c5", [:mix], [{:accept, "~> 0.1", [hex: :accept, repo: "hexpm", optional: false]}, {:plug, "~> 1.0", [hex: :plug, repo: "hexpm", optional: false]}, {:prometheus_ex, "~> 1.1 or ~> 2.0 or ~> 3.0", [hex: :prometheus_ex, repo: "hexpm", optional: false]}, {:prometheus_process_collector, "~> 1.1", [hex: :prometheus_process_collector, repo: "hexpm", optional: true]}], "hexpm", "0273a6483ccb936d79ca19b0ab629aef0dba958697c94782bb728b920dfc6a79"},
  "quantile_estimator": {:hex, :quantile_estimator, "0.2.1", "ef50a361f11b5f26b5f16d0696e46a9e4661756492c981f7b2229ef42ff1cd15", [:rebar3], [], "hexpm", "282a8a323ca2a845c9e6f787d166348f776c1d4a41ede63046d72d422e3da946"},
  "ranch": {:hex, :ranch, "1.8.0", "8c7a100a139fd57f17327b6413e4167ac559fbc04ca7448e9be9057311597a1d", [:make, :rebar3], [], "hexpm", "49fbcfd3682fab1f5d109351b61257676da1a2fdbe295904176d5e521a2ddfe5"},
  "recon": {:hex, :recon, "2.5.4", "05dd52a119ee4059fa9daa1ab7ce81bc7a8161a2f12e9d42e9d551ffd2ba901c", [:mix, :rebar3], [], "hexpm", "e9ab01ac7fc8572e41eb59385efeb3fb0ff5bf02103816535bacaedf327d0263"},
  "sleeplocks": {:hex, :sleeplocks, "1.1.2", "d45aa1c5513da48c888715e3381211c859af34bee9b8290490e10c90bb6ff0ca", [:rebar3], [], "hexpm", "9fe5d048c5b781d6305c1a3a0f40bb3dfc06f49bf40571f3d2d0c57eaa7f59a5"},
  "ssl_verify_fun": {:hex, :ssl_verify_fun, "1.1.7", "354c321cf377240c7b8716899e182ce4890c5938111a1296add3ec74cf1715df", [:make, :mix, :rebar3], [], "hexpm", "fe4c190e8f37401d30167c8c405eda19469f34577987c76dde613e838bbc67f8"},
  "sweet_xml": {:hex, :sweet_xml, "0.7.4", "a8b7e1ce7ecd775c7e8a65d501bc2cd933bff3a9c41ab763f5105688ef485d08", [:mix], [], "hexpm", "e7c4b0bdbf460c928234951def54fe87edf1a170f6896675443279e2dbeba167"},
  "swoosh": {:hex, :swoosh, "1.14.4", "94e9dba91f7695a10f49b0172c4a4cb658ef24abef7e8140394521b7f3bbb2d4", [:mix], [{:cowboy, "~> 1.1 or ~> 2.4", [hex: :cowboy, repo: "hexpm", optional: true]}, {:ex_aws, "~> 2.1", [hex: :ex_aws, repo: "hexpm", optional: true]}, {:finch, "~> 0.6", [hex: :finch, repo: "hexpm", optional: true]}, {:gen_smtp, "~> 0.13 or ~> 1.0", [hex: :gen_smtp, repo: "hexpm", optional: true]}, {:hackney, "~> 1.9", [hex: :hackney, repo: "hexpm", optional: true]}, {:jason, "~> 1.0", [hex: :jason, repo: "hexpm", optional: false]}, {:mail, "~> 0.2", [hex: :mail, repo: "hexpm", optional: true]}, {:mime, "~> 1.1 or ~> 2.0", [hex: :mime, repo: "hexpm", optional: false]}, {:plug, "~> 1.9", [hex: :plug, repo: "hexpm", optional: true]}, {:plug_cowboy, ">= 1.0.0", [hex: :plug_cowboy, repo: "hexpm", optional: true]}, {:req, "~> 0.4 or ~> 1.0", [hex: :req, repo: "hexpm", optional: true]}, {:telemetry, "~> 0.4.2 or ~> 1.0", [hex: :telemetry, repo: "hexpm", optional: false]}], "hexpm", "081c5a590e4ba85cc89baddf7b2beecf6c13f7f84a958f1cd969290815f0f026"},
  "telemetry": {:hex, :telemetry, "1.2.1", "68fdfe8d8f05a8428483a97d7aab2f268aaff24b49e0f599faa091f1d4e7f61c", [:rebar3], [], "hexpm", "dad9ce9d8effc621708f99eac538ef1cbe05d6a874dd741de2e689c47feafed5"},
  "telemetry_metrics": {:hex, :telemetry_metrics, "0.6.2", "2caabe9344ec17eafe5403304771c3539f3b6e2f7fb6a6f602558c825d0d0bfb", [:mix], [{:telemetry, "~> 0.4 or ~> 1.0", [hex: :telemetry, repo: "hexpm", optional: false]}], "hexpm", "9b43db0dc33863930b9ef9d27137e78974756f5f198cae18409970ed6fa5b561"},
  "telemetry_poller": {:hex, :telemetry_poller, "1.0.0", "db91bb424e07f2bb6e73926fcafbfcbcb295f0193e0a00e825e589a0a47e8453", [:rebar3], [{:telemetry, "~> 1.0", [hex: :telemetry, repo: "hexpm", optional: false]}], "hexpm", "b3a24eafd66c3f42da30fc3ca7dda1e9d546c12250a2d60d7b81d264fbec4f6e"},
  "temp": {:hex, :temp, "0.4.7", "2c78482cc2294020a4bc0c95950b907ff386523367d4e63308a252feffbea9f2", [:mix], [], "hexpm", "6af19e7d6a85a427478be1021574d1ae2a1e1b90882586f06bde76c63cd03e0d"},
  "tesla": {:hex, :tesla, "1.8.0", "d511a4f5c5e42538d97eef7c40ec4f3e44effdc5068206f42ed859e09e51d1fd", [:mix], [{:castore, "~> 0.1 or ~> 1.0", [hex: :castore, repo: "hexpm", optional: true]}, {:exjsx, ">= 3.0.0", [hex: :exjsx, repo: "hexpm", optional: true]}, {:finch, "~> 0.13", [hex: :finch, repo: "hexpm", optional: true]}, {:fuse, "~> 2.4", [hex: :fuse, repo: "hexpm", optional: true]}, {:gun, ">= 1.0.0", [hex: :gun, repo: "hexpm", optional: true]}, {:hackney, "~> 1.6", [hex: :hackney, repo: "hexpm", optional: true]}, {:ibrowse, "4.4.2", [hex: :ibrowse, repo: "hexpm", optional: true]}, {:jason, ">= 1.0.0", [hex: :jason, repo: "hexpm", optional: true]}, {:mime, "~> 1.0 or ~> 2.0", [hex: :mime, repo: "hexpm", optional: false]}, {:mint, "~> 1.0", [hex: :mint, repo: "hexpm", optional: true]}, {:msgpax, "~> 2.3", [hex: :msgpax, repo: "hexpm", optional: true]}, {:poison, ">= 1.0.0", [hex: :poison, repo: "hexpm", optional: true]}, {:telemetry, "~> 0.4 or ~> 1.0", [hex: :telemetry, repo: "hexpm", optional: true]}], "hexpm", "10501f360cd926a309501287470372af1a6e1cbed0f43949203a4c13300bc79f"},
  "unicode_util_compat": {:hex, :unicode_util_compat, "0.7.0", "bc84380c9ab48177092f43ac89e4dfa2c6d62b40b8bd132b1059ecc7232f9a78", [:rebar3], [], "hexpm", "25eee6d67df61960cf6a794239566599b09e17e668d3700247bc498638152521"},
  "unsafe": {:hex, :unsafe, "1.0.2", "23c6be12f6c1605364801f4b47007c0c159497d0446ad378b5cf05f1855c0581", [:mix], [], "hexpm", "b485231683c3ab01a9cd44cb4a79f152c6f3bb87358439c6f68791b85c2df675"},
  "vix": {:hex, :vix, "0.26.0", "027f10b6969b759318be84bd0bd8c88af877445e4e41cf96a0460392cea5399c", [:make, :mix], [{:castore, "~> 0.1 or ~> 1.0", [hex: :castore, repo: "hexpm", optional: false]}, {:cc_precompiler, "~> 0.1.4 or ~> 0.2", [hex: :cc_precompiler, repo: "hexpm", optional: false]}, {:elixir_make, "~> 0.7.3 or ~> 0.8", [hex: :elixir_make, repo: "hexpm", optional: false]}, {:kino, "~> 0.7", [hex: :kino, repo: "hexpm", optional: true]}], "hexpm", "71b0a79ae7f199cacfc8e679b0e4ba25ee47dc02e182c5b9097efb29fbe14efd"},
  "websock": {:hex, :websock, "0.5.3", "2f69a6ebe810328555b6fe5c831a851f485e303a7c8ce6c5f675abeb20ebdadc", [:mix], [], "hexpm", "6105453d7fac22c712ad66fab1d45abdf049868f253cf719b625151460b8b453"},
  "websock_adapter": {:hex, :websock_adapter, "0.5.5", "9dfeee8269b27e958a65b3e235b7e447769f66b5b5925385f5a569269164a210", [:mix], [{:bandit, ">= 0.6.0", [hex: :bandit, repo: "hexpm", optional: true]}, {:plug, "~> 1.14", [hex: :plug, repo: "hexpm", optional: false]}, {:plug_cowboy, "~> 2.6", [hex: :plug_cowboy, repo: "hexpm", optional: true]}, {:websock, "~> 0.5", [hex: :websock, repo: "hexpm", optional: false]}], "hexpm", "4b977ba4a01918acbf77045ff88de7f6972c2a009213c515a445c48f224ffce9"},
}
